
Microsoft Visual Studio Solution File, Format Version 12.00
Project("{FAE04EC0-301F-11D3-BF4B-00C04F79EFBC}") = "BookingTestDrive", "BookingTestDrive\BookingTestDrive.csproj", "{5183385E-B11C-49E7-8EC5-777BECB723F7}"
EndProject
Global
	GlobalSection(SolutionConfigurationPlatforms) = preSolution
		Debug|Any CPU = Debug|Any CPU
		Release|Any CPU = Release|Any CPU
	EndGlobalSection
	GlobalSection(ProjectConfigurationPlatforms) = postSolution
		{5183385E-B11C-49E7-8EC5-777BECB723F7}.Debug|Any CPU.ActiveCfg = Debug|Any CPU
		{5183385E-B11C-49E7-8EC5-777BECB723F7}.Debug|Any CPU.Build.0 = Debug|Any CPU
		{5183385E-B11C-49E7-8EC5-777BECB723F7}.Release|Any CPU.ActiveCfg = Release|Any CPU
		{5183385E-B11C-49E7-8EC5-777BECB723F7}.Release|Any CPU.Build.0 = Release|Any CPU
	EndGlobalSection
EndGlobal
